
Microsoft Visual Studio Solution File, Format Version 12.00
# Visual Studio Version 16
VisualStudioVersion = 16.0.31129.286
MinimumVisualStudioVersion = 10.0.40219.1
Project("{FAE04EC0-301F-11D3-BF4B-00C04F79EFBC}") = "EnsekTest", "EnsekTest\EnsekTest.csproj", "{05E98F41-D477-417B-A3DF-2B8CCA749C9F}"
EndProject
Global
	GlobalSection(SolutionConfigurationPlatforms) = preSolution
		Debug|Any CPU = Debug|Any CPU
		Release|Any CPU = Release|Any CPU
	EndGlobalSection
	GlobalSection(ProjectConfigurationPlatforms) = postSolution
		{05E98F41-D477-417B-A3DF-2B8CCA749C9F}.Debug|Any CPU.ActiveCfg = Debug|Any CPU
		{05E98F41-D477-417B-A3DF-2B8CCA749C9F}.Debug|Any CPU.Build.0 = Debug|Any CPU
		{05E98F41-D477-417B-A3DF-2B8CCA749C9F}.Release|Any CPU.ActiveCfg = Release|Any CPU
		{05E98F41-D477-417B-A3DF-2B8CCA749C9F}.Release|Any CPU.Build.0 = Release|Any CPU
	EndGlobalSection
	GlobalSection(SolutionProperties) = preSolution
		HideSolutionNode = FALSE
	EndGlobalSection
	GlobalSection(ExtensibilityGlobals) = postSolution
		SolutionGuid = {C879855D-5CE5-4DA1-92F9-CAB73D802B73}
	EndGlobalSection
EndGlobal
